// !$*UTF8*$!
{
	archiveVersion = 1;
	classes = {
	};
	objectVersion = 56;
	objects = {

/* Begin PBXBuildFile section */
		532AF79E2ADAE0AD005B8C5D /* AppDelegate.swift in Sources */ = {isa = PBXBuildFile; fileRef = 532AF79D2ADAE0AD005B8C5D /* AppDelegate.swift */; };
		532AF7A02ADAE0AD005B8C5D /* SceneDelegate.swift in Sources */ = {isa = PBXBuildFile; fileRef = 532AF79F2ADAE0AD005B8C5D /* SceneDelegate.swift */; };
		532AF7A22ADAE0AD005B8C5D /* ViewController.swift in Sources */ = {isa = PBXBuildFile; fileRef = 532AF7A12ADAE0AD005B8C5D /* ViewController.swift */; };
		532AF7A72ADAE0AE005B8C5D /* Assets.xcassets in Resources */ = {isa = PBXBuildFile; fileRef = 532AF7A62ADAE0AE005B8C5D /* Assets.xcassets */; };
		532AF7AA2ADAE0AE005B8C5D /* LaunchScreen.storyboard in Resources */ = {isa = PBXBuildFile; fileRef = 532AF7A82ADAE0AE005B8C5D /* LaunchScreen.storyboard */; };
		532AF7B22ADAE0C7005B8C5D /* CustomTableViewCell.swift in Sources */ = {isa = PBXBuildFile; fileRef = 532AF7B12ADAE0C7005B8C5D /* CustomTableViewCell.swift */; };
		532AF7B62ADAE7BB005B8C5D /* NewImage.swift in Sources */ = {isa = PBXBuildFile; fileRef = 532AF7B52ADAE7BB005B8C5D /* NewImage.swift */; };
/* End PBXBuildFile section */

/* Begin PBXFileReference section */
		532AF79A2ADAE0AD005B8C5D /* RunloopDispatchQueue.app */ = {isa = PBXFileReference; explicitFileType = wrapper.application; includeInIndex = 0; path = RunloopDispatchQueue.app; sourceTree = BUILT_PRODUCTS_DIR; };
		532AF79D2ADAE0AD005B8C5D /* AppDelegate.swift */ = {isa = PBXFileReference; lastKnownFileType = sourcecode.swift; path = AppDelegate.swift; sourceTree = "<group>"; };
		532AF79F2ADAE0AD005B8C5D /* SceneDelegate.swift */ = {isa = PBXFileReference; lastKnownFileType = sourcecode.swift; path = SceneDelegate.swift; sourceTree = "<group>"; };
		532AF7A12ADAE0AD005B8C5D /* ViewController.swift */ = {isa = PBXFileReference; lastKnownFileType = sourcecode.swift; path = ViewController.swift; sourceTree = "<group>"; };
		532AF7A62ADAE0AE005B8C5D /* Assets.xcassets */ = {isa = PBXFileReference; lastKnownFileType = folder.assetcatalog; path = Assets.xcassets; sourceTree = "<group>"; };
		532AF7A92ADAE0AE005B8C5D /* Base */ = {isa = PBXFileReference; lastKnownFileType = file.storyboard; name = Base; path = Base.lproj/LaunchScreen.storyboard; sourceTree = "<group>"; };
		532AF7AB2ADAE0AE005B8C5D /* Info.plist */ = {isa = PBXFileReference; lastKnownFileType = text.plist.xml; path = Info.plist; sourceTree = "<group>"; };
		532AF7B12ADAE0C7005B8C5D /* CustomTableViewCell.swift */ = {isa = PBXFileReference; lastKnownFileType = sourcecode.swift; path = CustomTableViewCell.swift; sourceTree = "<group>"; };
		532AF7B52ADAE7BB005B8C5D /* NewImage.swift */ = {isa = PBXFileReference; lastKnownFileType = sourcecode.swift; path = NewImage.swift; sourceTree = "<group>"; };
/* End PBXFileReference section */

/* Begin PBXFrameworksBuildPhase section */
		532AF7972ADAE0AD005B8C5D /* Frameworks */ = {
			isa = PBXFrameworksBuildPhase;
			buildActionMask = 2147483647;
			files = (
			);
			runOnlyForDeploymentPostprocessing = 0;
		};
/* End PBXFrameworksBuildPhase section */

/* Begin PBXGroup section */
		532AF7912ADAE0AD005B8C5D = {
			isa = PBXGroup;
			children = (
				532AF79C2ADAE0AD005B8C5D /* RunloopDispatchQueue */,
				532AF79B2ADAE0AD005B8C5D /* Products */,
			);
			sourceTree = "<group>";
		};
		532AF79B2ADAE0AD005B8C5D /* Products */ = {
			isa = PBXGroup;
			children = (
				532AF79A2ADAE0AD005B8C5D /* RunloopDispatchQueue.app */,
			);
			name = Products;
			sourceTree = "<group>";
		};
		532AF79C2ADAE0AD005B8C5D /* RunloopDispatchQueue */ = {
			isa = PBXGroup;
			children = (
				532AF79D2ADAE0AD005B8C5D /* AppDelegate.swift */,
				532AF79F2ADAE0AD005B8C5D /* SceneDelegate.swift */,
				532AF7A12ADAE0AD005B8C5D /* ViewController.swift */,
				532AF7B12ADAE0C7005B8C5D /* CustomTableViewCell.swift */,
				532AF7A62ADAE0AE005B8C5D /* Assets.xcassets */,
				532AF7A82ADAE0AE005B8C5D /* LaunchScreen.storyboard */,
				532AF7AB2ADAE0AE005B8C5D /* Info.plist */,
				532AF7B52ADAE7BB005B8C5D /* NewImage.swift */,
			);
			path = RunloopDispatchQueue;
			sourceTree = "<group>";
		};
/* End PBXGroup section */

/* Begin PBXNativeTarget section */
		532AF7992ADAE0AD005B8C5D /* RunloopDispatchQueue */ = {
			isa = PBXNativeTarget;
			buildConfigurationList = 532AF7AE2ADAE0AE005B8C5D /* Build configuration list for PBXNativeTarget "RunloopDispatchQueue" */;
			buildPhases = (
				532AF7962ADAE0AD005B8C5D /* Sources */,
				532AF7972ADAE0AD005B8C5D /* Frameworks */,
				532AF7982ADAE0AD005B8C5D /* Resources */,
			);
			buildRules = (
			);
			dependencies = (
			);
			name = RunloopDispatchQueue;
			productName = RunloopDispatchQueue;
			productReference = 532AF79A2ADAE0AD005B8C5D /* RunloopDispatchQueue.app */;
			productType = "com.apple.product-type.application";
		};
/* End PBXNativeTarget section */

/* Begin PBXProject section */
		532AF7922ADAE0AD005B8C5D /* Project object */ = {
			isa = PBXProject;
			attributes = {
				BuildIndependentTargetsInParallel = 1;
				LastSwiftUpdateCheck = 1430;
				LastUpgradeCheck = 1430;
				TargetAttributes = {
					532AF7992ADAE0AD005B8C5D = {
						CreatedOnToolsVersion = 14.3.1;
					};
				};
			};
			buildConfigurationList = 532AF7952ADAE0AD005B8C5D /* Build configuration list for PBXProject "RunloopDispatchQueue" */;
			compatibilityVersion = "Xcode 14.0";
			developmentRegion = en;
			hasScannedForEncodings = 0;
			knownRegions = (
				en,
				Base,
			);
			mainGroup = 532AF7912ADAE0AD005B8C5D;
			productRefGroup = 532AF79B2ADAE0AD005B8C5D /* Products */;
			projectDirPath = "";
			projectRoot = "";
			targets = (
				532AF7992ADAE0AD005B8C5D /* RunloopDispatchQueue */,
			);
		};
/* End PBXProject section */

/* Begin PBXResourcesBuildPhase section */
		532AF7982ADAE0AD005B8C5D /* Resources */ = {
			isa = PBXResourcesBuildPhase;
			buildActionMask = 2147483647;
			files = (
				532AF7AA2ADAE0AE005B8C5D /* LaunchScreen.storyboard in Resources */,
				532AF7A72ADAE0AE005B8C5D /* Assets.xcassets in Resources */,
			);
			runOnlyForDeploymentPostprocessing = 0;
		};
/* End PBXResourcesBuildPhase section */

/* Begin PBXSourcesBuildPhase section */
		532AF7962ADAE0AD005B8C5D /* Sources */ = {
			isa = PBXSourcesBuildPhase;
			buildActionMask = 2147483647;
			files = (
				532AF7A22ADAE0AD005B8C5D /* ViewController.swift in Sources */,
				532AF79E2ADAE0AD005B8C5D /* AppDelegate.swift in Sources */,
				532AF7B22ADAE0C7005B8C5D /* CustomTableViewCell.swift in Sources */,
				532AF7A02ADAE0AD005B8C5D /* SceneDelegate.swift in Sources */,
				532AF7B62ADAE7BB005B8C5D /* NewImage.swift in Sources */,
			);
			runOnlyForDeploymentPostprocessing = 0;
		};
/* End PBXSourcesBuildPhase section */

/* Begin PBXVariantGroup section */
		532AF7A82ADAE0AE005B8C5D /* LaunchScreen.storyboard */ = {
			isa = PBXVariantGroup;
			children = (
				532AF7A92ADAE0AE005B8C5D /* Base */,
			);
			name = LaunchScreen.storyboard;
			sourceTree = "<group>";
		};
/* End PBXVariantGroup section */

/* Begin XCBuildConfiguration section */
		532AF7AC2ADAE0AE005B8C5D /* Debug */ = {
			isa = XCBuildConfiguration;
			buildSettings = {
				ALWAYS_SEARCH_USER_PATHS = NO;
				CLANG_ANALYZER_NONNULL = YES;
				CLANG_ANALYZER_NUMBER_OBJECT_CONVERSION = YES_AGGRESSIVE;
				CLANG_CXX_LANGUAGE_STANDARD = "gnu++20";
				CLANG_ENABLE_MODULES = YES;
				CLANG_ENABLE_OBJC_ARC = YES;
				CLANG_ENABLE_OBJC_WEAK = YES;
				CLANG_WARN_BLOCK_CAPTURE_AUTORELEASING = YES;
				CLANG_WARN_BOOL_CONVERSION = YES;
				CLANG_WARN_COMMA = YES;
				CLANG_WARN_CONSTANT_CONVERSION = YES;
				CLANG_WARN_DEPRECATED_OBJC_IMPLEMENTATIONS = YES;
				CLANG_WARN_DIRECT_OBJC_ISA_USAGE = YES_ERROR;
				CLANG_WARN_DOCUMENTATION_COMMENTS = YES;
				CLANG_WARN_EMPTY_BODY = YES;
				CLANG_WARN_ENUM_CONVERSION = YES;
				CLANG_WARN_INFINITE_RECURSION = YES;
				CLANG_WARN_INT_CONVERSION = YES;
				CLANG_WARN_NON_LITERAL_NULL_CONVERSION = YES;
				CLANG_WARN_OBJC_IMPLICIT_RETAIN_SELF = YES;
				CLANG_WARN_OBJC_LITERAL_CONVERSION = YES;
				CLANG_WARN_OBJC_ROOT_CLASS = YES_ERROR;
				CLANG_WARN_QUOTED_INCLUDE_IN_FRAMEWORK_HEADER = YES;
				CLANG_WARN_RANGE_LOOP_ANALYSIS = YES;
				CLANG_WARN_STRICT_PROTOTYPES = YES;
				CLANG_WARN_SUSPICIOUS_MOVE = YES;
				CLANG_WARN_UNGUARDED_AVAILABILITY = YES_AGGRESSIVE;
				CLANG_WARN_UNREACHABLE_CODE = YES;
				CLANG_WARN__DUPLICATE_METHOD_MATCH = YES;
				COPY_PHASE_STRIP = NO;
				DEBUG_INFORMATION_FORMAT = dwarf;
				ENABLE_STRICT_OBJC_MSGSEND = YES;
				ENABLE_TESTABILITY = YES;
				GCC_C_LANGUAGE_STANDARD = gnu11;
				GCC_DYNAMIC_NO_PIC = NO;
				GCC_NO_COMMON_BLOCKS = YES;
				GCC_OPTIMIZATION_LEVEL = 0;
				GCC_PREPROCESSOR_DEFINITIONS = (
					"DEBUG=1",
					"$(inherited)",
				);
				GCC_WARN_64_TO_32_BIT_CONVERSION = YES;
				GCC_WARN_ABOUT_RETURN_TYPE = YES_ERROR;
				GCC_WARN_UNDECLARED_SELECTOR = YES;
				GCC_WARN_UNINITIALIZED_AUTOS = YES_AGGRESSIVE;
				GCC_WARN_UNUSED_FUNCTION = YES;
				GCC_WARN_UNUSED_VARIABLE = YES;
				IPHONEOS_DEPLOYMENT_TARGET = 16.4;
				MTL_ENABLE_DEBUG_INFO = INCLUDE_SOURCE;
				MTL_FAST_MATH = YES;
				ONLY_ACTIVE_ARCH = YES;
				SDKROOT = iphoneos;
				SWIFT_ACTIVE_COMPILATION_CONDITIONS = DEBUG;
				SWIFT_OPTIMIZATION_LEVEL = "-Onone";
			};
			name = Debug;
		};
		532AF7AD2ADAE0AE005B8C5D /* Release */ = {
			isa = XCBuildConfiguration;
			buildSettings = {
				ALWAYS_SEARCH_USER_PATHS = NO;
				CLANG_ANALYZER_NONNULL = YES;
				CLANG_ANALYZER_NUMBER_OBJECT_CONVERSION = YES_AGGRESSIVE;
				CLANG_CXX_LANGUAGE_STANDARD = "gnu++20";
				CLANG_ENABLE_MODULES = YES;
				CLANG_ENABLE_OBJC_ARC = YES;
				CLANG_ENABLE_OBJC_WEAK = YES;
				CLANG_WARN_BLOCK_CAPTURE_AUTORELEASING = YES;
				CLANG_WARN_BOOL_CONVERSION = YES;
				CLANG_WARN_COMMA = YES;
				CLANG_WARN_CONSTANT_CONVERSION = YES;
				CLANG_WARN_DEPRECATED_OBJC_IMPLEMENTATIONS = YES;
				CLANG_WARN_DIRECT_OBJC_ISA_USAGE = YES_ERROR;
				CLANG_WARN_DOCUMENTATION_COMMENTS = YES;
				CLANG_WARN_EMPTY_BODY = YES;
				CLANG_WARN_ENUM_CONVERSION = YES;
				CLANG_WARN_INFINITE_RECURSION = YES;
				CLANG_WARN_INT_CONVERSION = YES;
				CLANG_WARN_NON_LITERAL_NULL_CONVERSION = YES;
				CLANG_WARN_OBJC_IMPLICIT_RETAIN_SELF = YES;
				CLANG_WARN_OBJC_LITERAL_CONVERSION = YES;
				CLANG_WARN_OBJC_ROOT_CLASS = YES_ERROR;
				CLANG_WARN_QUOTED_INCLUDE_IN_FRAMEWORK_HEADER = YES;
				CLANG_WARN_RANGE_LOOP_ANALYSIS = YES;
				CLANG_WARN_STRICT_PROTOTYPES = YES;
				CLANG_WARN_SUSPICIOUS_MOVE = YES;
				CLANG_WARN_UNGUARDED_AVAILABILITY = YES_AGGRESSIVE;
				CLANG_WARN_UNREACHABLE_CODE = YES;
				CLANG_WARN__DUPLICATE_METHOD_MATCH = YES;
				COPY_PHASE_STRIP = NO;
				DEBUG_INFORMATION_FORMAT = "dwarf-with-dsym";
				ENABLE_NS_ASSERTIONS = NO;
				ENABLE_STRICT_OBJC_MSGSEND = YES;
				GCC_C_LANGUAGE_STANDARD = gnu11;
				GCC_NO_COMMON_BLOCKS = YES;
				GCC_WARN_64_TO_32_BIT_CONVERSION = YES;
				GCC_WARN_ABOUT_RETURN_TYPE = YES_ERROR;
				GCC_WARN_UNDECLARED_SELECTOR = YES;
				GCC_WARN_UNINITIALIZED_AUTOS = YES_AGGRESSIVE;
				GCC_WARN_UNUSED_FUNCTION = YES;
				GCC_WARN_UNUSED_VARIABLE = YES;
				IPHONEOS_DEPLOYMENT_TARGET = 16.4;
				MTL_ENABLE_DEBUG_INFO = NO;
				MTL_FAST_MATH = YES;
				SDKROOT = iphoneos;
				SWIFT_COMPILATION_MODE = wholemodule;
				SWIFT_OPTIMIZATION_LEVEL = "-O";
				VALIDATE_PRODUCT = YES;
			};
			name = Release;
		};
		532AF7AF2ADAE0AE005B8C5D /* Debug */ = {
			isa = XCBuildConfiguration;
			buildSettings = {
				ASSETCATALOG_COMPILER_APPICON_NAME = AppIcon;
				ASSETCATALOG_COMPILER_GLOBAL_ACCENT_COLOR_NAME = AccentColor;
				CODE_SIGN_STYLE = Automatic;
				CURRENT_PROJECT_VERSION = 1;
				DEVELOPMENT_TEAM = 5UYBRX8UM9;
				GENERATE_INFOPLIST_FILE = YES;
				INFOPLIST_FILE = RunloopDispatchQueue/Info.plist;
				INFOPLIST_KEY_UIApplicationSupportsIndirectInputEvents = YES;
				INFOPLIST_KEY_UILaunchStoryboardName = LaunchScreen;
				INFOPLIST_KEY_UISupportedInterfaceOrientations_iPad = "UIInterfaceOrientationPortrait UIInterfaceOrientationPortraitUpsideDown UIInterfaceOrientationLandscapeLeft UIInterfaceOrientationLandscapeRight";
				INFOPLIST_KEY_UISupportedInterfaceOrientations_iPhone = "UIInterfaceOrientationPortrait UIInterfaceOrientationLandscapeLeft UIInterfaceOrientationLandscapeRight";
				LD_RUNPATH_SEARCH_PATHS = (
					"$(inherited)",
					"@executable_path/Frameworks",
				);
				MARKETING_VERSION = 1.0;
				PRODUCT_BUNDLE_IDENTIFIER = com.jonpyoAhn.RunloopDispatchQueue;
				PRODUCT_NAME = "$(TARGET_NAME)";
				SWIFT_EMIT_LOC_STRINGS = YES;
				SWIFT_VERSION = 5.0;
				TARGETED_DEVICE_FAMILY = "1,2";
			};
			name = Debug;
		};
		532AF7B02ADAE0AE005B8C5D /* Release */ = {
			isa = XCBuildConfiguration;
			buildSettings = {
				ASSETCATALOG_COMPILER_APPICON_NAME = AppIcon;
				ASSETCATALOG_COMPILER_GLOBAL_ACCENT_COLOR_NAME = AccentColor;
				CODE_SIGN_STYLE = Automatic;
				CURRENT_PROJECT_VERSION = 1;
				DEVELOPMENT_TEAM = 5UYBRX8UM9;
				GENERATE_INFOPLIST_FILE = YES;
				INFOPLIST_FILE = RunloopDispatchQueue/Info.plist;
				INFOPLIST_KEY_UIApplicationSupportsIndirectInputEvents = YES;
				INFOPLIST_KEY_UILaunchStoryboardName = LaunchScreen;
				INFOPLIST_KEY_UISupportedInterfaceOrientations_iPad = "UIInterfaceOrientationPortrait UIInterfaceOrientationPortraitUpsideDown UIInterfaceOrientationLandscapeLeft UIInterfaceOrientationLandscapeRight";
				INFOPLIST_KEY_UISupportedInterfaceOrientations_iPhone = "UIInterfaceOrientationPortrait UIInterfaceOrientationLandscapeLeft UIInterfaceOrientationLandscapeRight";
				LD_RUNPATH_SEARCH_PATHS = (
					"$(inherited)",
					"@executable_path/Frameworks",
				);
				MARKETING_VERSION = 1.0;
				PRODUCT_BUNDLE_IDENTIFIER = com.jonpyoAhn.RunloopDispatchQueue;
				PRODUCT_NAME = "$(TARGET_NAME)";
				SWIFT_EMIT_LOC_STRINGS = YES;
				SWIFT_VERSION = 5.0;
				TARGETED_DEVICE_FAMILY = "1,2";
			};
			name = Release;
		};
/* End XCBuildConfiguration section */

/* Begin XCConfigurationList section */
		532AF7952ADAE0AD005B8C5D /* Build configuration list for PBXProject "RunloopDispatchQueue" */ = {
			isa = XCConfigurationList;
			buildConfigurations = (
				532AF7AC2ADAE0AE005B8C5D /* Debug */,
				532AF7AD2ADAE0AE005B8C5D /* Release */,
			);
			defaultConfigurationIsVisible = 0;
			defaultConfigurationName = Release;
		};
		532AF7AE2ADAE0AE005B8C5D /* Build configuration list for PBXNativeTarget "RunloopDispatchQueue" */ = {
			isa = XCConfigurationList;
			buildConfigurations = (
				532AF7AF2ADAE0AE005B8C5D /* Debug */,
				532AF7B02ADAE0AE005B8C5D /* Release */,
			);
			defaultConfigurationIsVisible = 0;
			defaultConfigurationName = Release;
		};
/* End XCConfigurationList section */
	};
	rootObject = 532AF7922ADAE0AD005B8C5D /* Project object */;
}
